
Microsoft Visual Studio Solution File, Format Version 12.00
# Visual Studio Version 16
VisualStudioVersion = 16.0.30503.244
MinimumVisualStudioVersion = 10.0.40219.1
Project("{8BC9CEB8-8B4A-11D0-8D11-00A0C91BC942}") = "ed_voice", "ed_voice\ed_voice.vcxproj", "{720642E1-0CC3-46A0-812E-6DEC5119391F}"
EndProject
Project("{8BC9CEB8-8B4A-11D0-8D11-00A0C91BC942}") = "hooked_dsound", "hooked_dsound\hooked_dsound.vcxproj", "{A4779F25-D635-4280-986A-5A1246C61B3F}"
EndProject
Project("{8BC9CEB8-8B4A-11D0-8D11-00A0C91BC942}") = "hooked_dinput8", "hooked_dinput8\hooked_dinput8.vcxproj", "{11A75E7C-ADDB-4E25-9309-043FAF0163A5}"
EndProject
Project("{2150E333-8FDC-42A3-9474-1A3956D46DE8}") = "googletest", "googletest", "{2A6C04B4-3F9B-4E24-B346-D2089AFDDC6A}"
EndProject
Project("{8BC9CEB8-8B4A-11D0-8D11-00A0C91BC942}") = "gtest", "googletest\gtest.vcxproj", "{22AF8098-12C6-3CC3-8C11-D52E1126D839}"
EndProject
Project("{8BC9CEB8-8B4A-11D0-8D11-00A0C91BC942}") = "gtest_main", "googletest\gtest_main.vcxproj", "{7E2234E7-0D19-3399-9DA1-25FFAA639031}"
EndProject
Project("{8BC9CEB8-8B4A-11D0-8D11-00A0C91BC942}") = "gmock", "googletest\gmock.vcxproj", "{57121921-2348-34AE-9AE1-6B4EF0BD9052}"
EndProject
Project("{8BC9CEB8-8B4A-11D0-8D11-00A0C91BC942}") = "gmock_main", "googletest\gmock_main.vcxproj", "{29A3AD80-2788-31D3-BDA7-76DA9B41E9AE}"
EndProject
Project("{8BC9CEB8-8B4A-11D0-8D11-00A0C91BC942}") = "unit_test", "unit_test\unit_test.vcxproj", "{D0B626EC-932D-4692-92C5-F49BFF1F6213}"
	ProjectSection(ProjectDependencies) = postProject
		{29A3AD80-2788-31D3-BDA7-76DA9B41E9AE} = {29A3AD80-2788-31D3-BDA7-76DA9B41E9AE}
		{720642E1-0CC3-46A0-812E-6DEC5119391F} = {720642E1-0CC3-46A0-812E-6DEC5119391F}
	EndProjectSection
EndProject
Project("{2150E333-8FDC-42A3-9474-1A3956D46DE8}") = "test", "test", "{EF7166EA-1F36-4B9A-8F6A-2A4011D4ED23}"
EndProject
Project("{8BC9CEB8-8B4A-11D0-8D11-00A0C91BC942}") = "player_test", "test\player_test.vcxproj", "{8DCF0718-20E7-4BB9-A92E-00B3AE961945}"
	ProjectSection(ProjectDependencies) = postProject
		{720642E1-0CC3-46A0-812E-6DEC5119391F} = {720642E1-0CC3-46A0-812E-6DEC5119391F}
	EndProjectSection
EndProject
Global
	GlobalSection(SolutionConfigurationPlatforms) = preSolution
		Debug|x86 = Debug|x86
		Release|x86 = Release|x86
		Test|x86 = Test|x86
	EndGlobalSection
	GlobalSection(ProjectConfigurationPlatforms) = postSolution
		{720642E1-0CC3-46A0-812E-6DEC5119391F}.Debug|x86.ActiveCfg = Debug|Win32
		{720642E1-0CC3-46A0-812E-6DEC5119391F}.Debug|x86.Build.0 = Debug|Win32
		{720642E1-0CC3-46A0-812E-6DEC5119391F}.Release|x86.ActiveCfg = Release|Win32
		{720642E1-0CC3-46A0-812E-6DEC5119391F}.Release|x86.Build.0 = Release|Win32
		{720642E1-0CC3-46A0-812E-6DEC5119391F}.Test|x86.ActiveCfg = Test|Win32
		{720642E1-0CC3-46A0-812E-6DEC5119391F}.Test|x86.Build.0 = Test|Win32
		{A4779F25-D635-4280-986A-5A1246C61B3F}.Debug|x86.ActiveCfg = Debug|Win32
		{A4779F25-D635-4280-986A-5A1246C61B3F}.Debug|x86.Build.0 = Debug|Win32
		{A4779F25-D635-4280-986A-5A1246C61B3F}.Release|x86.ActiveCfg = Release|Win32
		{A4779F25-D635-4280-986A-5A1246C61B3F}.Release|x86.Build.0 = Release|Win32
		{A4779F25-D635-4280-986A-5A1246C61B3F}.Test|x86.ActiveCfg = Release|Win32
		{11A75E7C-ADDB-4E25-9309-043FAF0163A5}.Debug|x86.ActiveCfg = Debug|Win32
		{11A75E7C-ADDB-4E25-9309-043FAF0163A5}.Debug|x86.Build.0 = Debug|Win32
		{11A75E7C-ADDB-4E25-9309-043FAF0163A5}.Release|x86.ActiveCfg = Release|Win32
		{11A75E7C-ADDB-4E25-9309-043FAF0163A5}.Release|x86.Build.0 = Release|Win32
		{11A75E7C-ADDB-4E25-9309-043FAF0163A5}.Test|x86.ActiveCfg = Release|Win32
		{22AF8098-12C6-3CC3-8C11-D52E1126D839}.Debug|x86.ActiveCfg = Test|Win32
		{22AF8098-12C6-3CC3-8C11-D52E1126D839}.Release|x86.ActiveCfg = Test|Win32
		{22AF8098-12C6-3CC3-8C11-D52E1126D839}.Test|x86.ActiveCfg = Test|Win32
		{7E2234E7-0D19-3399-9DA1-25FFAA639031}.Debug|x86.ActiveCfg = Test|Win32
		{7E2234E7-0D19-3399-9DA1-25FFAA639031}.Release|x86.ActiveCfg = Test|Win32
		{7E2234E7-0D19-3399-9DA1-25FFAA639031}.Test|x86.ActiveCfg = Test|Win32
		{57121921-2348-34AE-9AE1-6B4EF0BD9052}.Debug|x86.ActiveCfg = Test|Win32
		{57121921-2348-34AE-9AE1-6B4EF0BD9052}.Release|x86.ActiveCfg = Test|Win32
		{57121921-2348-34AE-9AE1-6B4EF0BD9052}.Test|x86.ActiveCfg = Test|Win32
		{29A3AD80-2788-31D3-BDA7-76DA9B41E9AE}.Debug|x86.ActiveCfg = Test|Win32
		{29A3AD80-2788-31D3-BDA7-76DA9B41E9AE}.Release|x86.ActiveCfg = Test|Win32
		{29A3AD80-2788-31D3-BDA7-76DA9B41E9AE}.Test|x86.ActiveCfg = Test|Win32
		{29A3AD80-2788-31D3-BDA7-76DA9B41E9AE}.Test|x86.Build.0 = Test|Win32
		{D0B626EC-932D-4692-92C5-F49BFF1F6213}.Debug|x86.ActiveCfg = Test|Win32
		{D0B626EC-932D-4692-92C5-F49BFF1F6213}.Release|x86.ActiveCfg = Test|Win32
		{D0B626EC-932D-4692-92C5-F49BFF1F6213}.Test|x86.ActiveCfg = Test|Win32
		{D0B626EC-932D-4692-92C5-F49BFF1F6213}.Test|x86.Build.0 = Test|Win32
		{8DCF0718-20E7-4BB9-A92E-00B3AE961945}.Debug|x86.ActiveCfg = Test|Win32
		{8DCF0718-20E7-4BB9-A92E-00B3AE961945}.Release|x86.ActiveCfg = Test|Win32
		{8DCF0718-20E7-4BB9-A92E-00B3AE961945}.Test|x86.ActiveCfg = Test|Win32
		{8DCF0718-20E7-4BB9-A92E-00B3AE961945}.Test|x86.Build.0 = Test|Win32
	EndGlobalSection
	GlobalSection(SolutionProperties) = preSolution
		HideSolutionNode = FALSE
	EndGlobalSection
	GlobalSection(NestedProjects) = preSolution
		{2A6C04B4-3F9B-4E24-B346-D2089AFDDC6A} = {EF7166EA-1F36-4B9A-8F6A-2A4011D4ED23}
		{22AF8098-12C6-3CC3-8C11-D52E1126D839} = {2A6C04B4-3F9B-4E24-B346-D2089AFDDC6A}
		{7E2234E7-0D19-3399-9DA1-25FFAA639031} = {2A6C04B4-3F9B-4E24-B346-D2089AFDDC6A}
		{57121921-2348-34AE-9AE1-6B4EF0BD9052} = {2A6C04B4-3F9B-4E24-B346-D2089AFDDC6A}
		{29A3AD80-2788-31D3-BDA7-76DA9B41E9AE} = {2A6C04B4-3F9B-4E24-B346-D2089AFDDC6A}
		{D0B626EC-932D-4692-92C5-F49BFF1F6213} = {EF7166EA-1F36-4B9A-8F6A-2A4011D4ED23}
		{8DCF0718-20E7-4BB9-A92E-00B3AE961945} = {EF7166EA-1F36-4B9A-8F6A-2A4011D4ED23}
	EndGlobalSection
	GlobalSection(ExtensibilityGlobals) = postSolution
		SolutionGuid = {49DA3844-77D1-457C-B7B4-474AC8196A8A}
	EndGlobalSection
EndGlobal
