<?xml version="1.0" encoding="utf-8"?>
<Project ToolsVersion="4.0" xmlns="http://schemas.microsoft.com/developer/msbuild/2003">
  <ItemGroup>
    <Filter Include="src">
      <UniqueIdentifier>{4FC737F1-C7A5-4376-A066-2A32D752A2FF}</UniqueIdentifier>
      <Extensions>cpp;c;cc;cxx;c++;cppm;ixx;def;odl;idl;hpj;bat;asm;asmx;h;hh;hpp;hxx;h++;hm;inl;inc;ipp;xsd</Extensions>
    </Filter>
    <Filter Include="src\utils">
      <UniqueIdentifier>{5ff96e54-750a-4fc4-9f2d-d9cebc2d7c52}</UniqueIdentifier>
    </Filter>
    <Filter Include="src\startup">
      <UniqueIdentifier>{403daa8a-e827-4197-9947-3c9f00eedf6d}</UniqueIdentifier>
    </Filter>
    <Filter Include="src\global">
      <UniqueIdentifier>{d2a02250-48f4-4b4f-9b2b-046fd1f1f6f2}</UniqueIdentifier>
    </Filter>
    <Filter Include="src\base">
      <UniqueIdentifier>{3816c044-c3de-4858-a2b0-9c922c918842}</UniqueIdentifier>
    </Filter>
    <Filter Include="src\player">
      <UniqueIdentifier>{e52b7d3d-adc0-41fb-84d6-ab85704d8125}</UniqueIdentifier>
    </Filter>
    <Filter Include="src\core">
      <UniqueIdentifier>{de20fdda-7770-4ca5-b157-454f898d87c5}</UniqueIdentifier>
    </Filter>
    <Filter Include="src\asm">
      <UniqueIdentifier>{4cc5770f-4cdc-433a-818a-b1069037a986}</UniqueIdentifier>
    </Filter>
    <Filter Include="src\bridge">
      <UniqueIdentifier>{c0b31a10-4d72-4fe3-8c0b-d1ca452a15c3}</UniqueIdentifier>
    </Filter>
  </ItemGroup>
  <ItemGroup>
    <ClInclude Include="..\..\src\ed_voice\ed_voice.h">
      <Filter>src</Filter>
    </ClInclude>
    <ClInclude Include="..\..\src\ed_voice\utils\build_date.h">
      <Filter>src\utils</Filter>
    </ClInclude>
    <ClInclude Include="..\..\src\ed_voice\utils\log.h">
      <Filter>src\utils</Filter>
    </ClInclude>
    <ClInclude Include="..\..\src\ed_voice\startup\startup.h">
      <Filter>src\startup</Filter>
    </ClInclude>
    <ClInclude Include="..\..\src\ed_voice\utils\mem_matcher.h">
      <Filter>src\utils</Filter>
    </ClInclude>
    <ClInclude Include="..\..\src\ed_voice\utils\str.h">
      <Filter>src\utils</Filter>
    </ClInclude>
    <ClInclude Include="..\..\src\ed_voice\utils\mem_scanner.h">
      <Filter>src\utils</Filter>
    </ClInclude>
    <ClInclude Include="..\..\src\ed_voice\global\global.h">
      <Filter>src\global</Filter>
    </ClInclude>
    <ClInclude Include="..\..\src\ed_voice\global\addresses.h">
      <Filter>src\global</Filter>
    </ClInclude>
    <ClInclude Include="..\..\src\ed_voice\global\signals.h">
      <Filter>src\global</Filter>
    </ClInclude>
    <ClInclude Include="..\..\src\ed_voice\base\byte.h">
      <Filter>src\base</Filter>
    </ClInclude>
    <ClInclude Include="..\..\src\ed_voice\utils\module_info.h">
      <Filter>src\utils</Filter>
    </ClInclude>
    <ClInclude Include="..\..\src\ed_voice\startup\scan_group.h">
      <Filter>src\startup</Filter>
    </ClInclude>
    <ClInclude Include="..\..\src\ed_voice\startup\scan_group_common.h">
      <Filter>src\startup</Filter>
    </ClInclude>
    <ClInclude Include="..\..\src\ed_voice\utils\section_info.h">
      <Filter>src\utils</Filter>
    </ClInclude>
    <ClInclude Include="..\..\src\ed_voice\player\decoder.h">
      <Filter>src\player</Filter>
    </ClInclude>
    <ClInclude Include="..\..\src\ed_voice\utils\load_ogg_apis.h">
      <Filter>src\utils</Filter>
    </ClInclude>
    <ClInclude Include="..\..\src\ed_voice\player\player.h">
      <Filter>src\player</Filter>
    </ClInclude>
    <ClInclude Include="..\..\src\ed_voice\player\sound_buffer.h">
      <Filter>src\player</Filter>
    </ClInclude>
    <ClInclude Include="..\..\src\ed_voice\player\player_base.h">
      <Filter>src\player</Filter>
    </ClInclude>
    <ClInclude Include="..\..\src\ed_voice\utils\events.h">
      <Filter>src\utils</Filter>
    </ClInclude>
    <ClInclude Include="..\..\src\ed_voice\utils\create_dsound.h">
      <Filter>src\utils</Filter>
    </ClInclude>
    <ClInclude Include="..\..\src\ed_voice\core\sora_voice.h">
      <Filter>src\core</Filter>
    </ClInclude>
    <ClInclude Include="..\..\src\ed_voice\startup\scan_groups_dcl.h">
      <Filter>src\startup</Filter>
    </ClInclude>
    <ClInclude Include="..\..\src\ed_voice\asm\asm.h">
      <Filter>src\asm</Filter>
    </ClInclude>
    <ClInclude Include="..\..\src\ed_voice\bridge\bridge.h">
      <Filter>src\bridge</Filter>
    </ClInclude>
    <ClInclude Include="..\..\src\ed_voice\core\voice_id_mapping.h">
      <Filter>src\core</Filter>
    </ClInclude>
    <ClInclude Include="..\..\src\ed_voice\utils\mem.h">
      <Filter>src\utils</Filter>
    </ClInclude>
  </ItemGroup>
  <ItemGroup>
    <ClCompile Include="..\..\src\ed_voice\ed_voice.cpp">
      <Filter>src</Filter>
    </ClCompile>
    <ClCompile Include="..\..\src\ed_voice\startup\startup.cpp">
      <Filter>src\startup</Filter>
    </ClCompile>
    <ClCompile Include="..\..\src\ed_voice\utils\mem_matcher.cpp">
      <Filter>src\utils</Filter>
    </ClCompile>
    <ClCompile Include="..\..\src\ed_voice\global\global.cpp">
      <Filter>src\global</Filter>
    </ClCompile>
    <ClCompile Include="..\..\src\ed_voice\utils\module_info.cpp">
      <Filter>src\utils</Filter>
    </ClCompile>
    <ClCompile Include="..\..\src\ed_voice\startup\scan_group.cpp">
      <Filter>src\startup</Filter>
    </ClCompile>
    <ClCompile Include="..\..\src\ed_voice\startup\scan_group_tits.cpp">
      <Filter>src\startup</Filter>
    </ClCompile>
    <ClCompile Include="..\..\src\ed_voice\player\decoder_wav.cpp">
      <Filter>src\player</Filter>
    </ClCompile>
    <ClCompile Include="..\..\src\ed_voice\player\decoder_ogg.cpp">
      <Filter>src\player</Filter>
    </ClCompile>
    <ClCompile Include="..\..\src\ed_voice\utils\load_ogg_apis.cpp">
      <Filter>src\utils</Filter>
    </ClCompile>
    <ClCompile Include="..\..\src\ed_voice\player\player.cpp">
      <Filter>src\player</Filter>
    </ClCompile>
    <ClCompile Include="..\..\src\ed_voice\player\sound_buffer.cpp">
      <Filter>src\player</Filter>
    </ClCompile>
    <ClCompile Include="..\..\src\ed_voice\utils\events.cpp">
      <Filter>src\utils</Filter>
    </ClCompile>
    <ClCompile Include="..\..\src\ed_voice\utils\create_dsound.cpp">
      <Filter>src\utils</Filter>
    </ClCompile>
    <ClCompile Include="..\..\src\ed_voice\core\sora_voice.cpp">
      <Filter>src\core</Filter>
    </ClCompile>
    <ClCompile Include="..\..\src\ed_voice\asm\asm_text.cpp">
      <Filter>src\asm</Filter>
    </ClCompile>
    <ClCompile Include="..\..\src\ed_voice\bridge\bridge.cpp">
      <Filter>src\bridge</Filter>
    </ClCompile>
    <ClCompile Include="..\..\src\ed_voice\utils\mem.cpp">
      <Filter>src\utils</Filter>
    </ClCompile>
    <ClCompile Include="..\..\src\ed_voice\asm\asm_ldat.cpp">
      <Filter>src\asm</Filter>
    </ClCompile>
    <ClCompile Include="..\..\src\ed_voice\asm\asm_dcdat.cpp">
      <Filter>src\asm</Filter>
    </ClCompile>
    <ClCompile Include="..\..\src\ed_voice\bridge\bridge_dat.cpp">
      <Filter>src\bridge</Filter>
    </ClCompile>
    <ClCompile Include="..\..\src\ed_voice\asm\asm_textse.cpp">
      <Filter>src\asm</Filter>
    </ClCompile>
    <ClCompile Include="..\..\src\ed_voice\asm\asm_dlgse.cpp">
      <Filter>src\asm</Filter>
    </ClCompile>
  </ItemGroup>
</Project>